// !$*UTF8*$!
{
	archiveVersion = 1;
	classes = {
	};
	objectVersion = 50;
	objects = {

/* Begin PBXBuildFile section */
		1B66FCDB213FD75A00E64257 /* AppDelegate.m in Sources */ = {isa = PBXBuildFile; fileRef = 1B66FCDA213FD75A00E64257 /* AppDelegate.m */; };
		1B66FCDE213FD75A00E64257 /* ViewController.m in Sources */ = {isa = PBXBuildFile; fileRef = 1B66FCDD213FD75A00E64257 /* ViewController.m */; };
		1B66FCE1213FD75A00E64257 /* Main.storyboard in Resources */ = {isa = PBXBuildFile; fileRef = 1B66FCDF213FD75A00E64257 /* Main.storyboard */; };
		1B66FCE3213FD75C00E64257 /* Assets.xcassets in Resources */ = {isa = PBXBuildFile; fileRef = 1B66FCE2213FD75C00E64257 /* Assets.xcassets */; };
		1B66FCE6213FD75C00E64257 /* LaunchScreen.storyboard in Resources */ = {isa = PBXBuildFile; fileRef = 1B66FCE4213FD75C00E64257 /* LaunchScreen.storyboard */; };
		1B66FCE9213FD75C00E64257 /* main.m in Sources */ = {isa = PBXBuildFile; fileRef = 1B66FCE8213FD75C00E64257 /* main.m */; };
		1B66FCF3213FD75C00E64257 /* GitTestsTests.m in Sources */ = {isa = PBXBuildFile; fileRef = 1B66FCF2213FD75C00E64257 /* GitTestsTests.m */; };
/* End PBXBuildFile section */

/* Begin PBXContainerItemProxy section */
		1B66FCEF213FD75C00E64257 /* PBXContainerItemProxy */ = {
			isa = PBXContainerItemProxy;
			containerPortal = 1B66FCCE213FD75A00E64257 /* Project object */;
			proxyType = 1;
			remoteGlobalIDString = 1B66FCD5213FD75A00E64257;
			remoteInfo = GitTests;
		};
/* End PBXContainerItemProxy section */

/* Begin PBXFileReference section */
		1B66FCD6213FD75A00E64257 /* GitTests.app */ = {isa = PBXFileReference; explicitFileType = wrapper.application; includeInIndex = 0; path = GitTests.app; sourceTree = BUILT_PRODUCTS_DIR; };
		1B66FCD9213FD75A00E64257 /* AppDelegate.h */ = {isa = PBXFileReference; lastKnownFileType = sourcecode.c.h; path = AppDelegate.h; sourceTree = "<group>"; };
		1B66FCDA213FD75A00E64257 /* AppDelegate.m */ = {isa = PBXFileReference; lastKnownFileType = sourcecode.c.objc; path = AppDelegate.m; sourceTree = "<group>"; };
		1B66FCDC213FD75A00E64257 /* ViewController.h */ = {isa = PBXFileReference; lastKnownFileType = sourcecode.c.h; path = ViewController.h; sourceTree = "<group>"; };
		1B66FCDD213FD75A00E64257 /* ViewController.m */ = {isa = PBXFileReference; lastKnownFileType = sourcecode.c.objc; path = ViewController.m; sourceTree = "<group>"; };
		1B66FCE0213FD75A00E64257 /* Base */ = {isa = PBXFileReference; lastKnownFileType = file.storyboard; name = Base; path = Base.lproj/Main.storyboard; sourceTree = "<group>"; };
		1B66FCE2213FD75C00E64257 /* Assets.xcassets */ = {isa = PBXFileReference; lastKnownFileType = folder.assetcatalog; path = Assets.xcassets; sourceTree = "<group>"; };
		1B66FCE5213FD75C00E64257 /* Base */ = {isa = PBXFileReference; lastKnownFileType = file.storyboard; name = Base; path = Base.lproj/LaunchScreen.storyboard; sourceTree = "<group>"; };
		1B66FCE7213FD75C00E64257 /* Info.plist */ = {isa = PBXFileReference; lastKnownFileType = text.plist.xml; path = Info.plist; sourceTree = "<group>"; };
		1B66FCE8213FD75C00E64257 /* main.m */ = {isa = PBXFileReference; lastKnownFileType = sourcecode.c.objc; path = main.m; sourceTree = "<group>"; };
		1B66FCEE213FD75C00E64257 /* GitTestsTests.xctest */ = {isa = PBXFileReference; explicitFileType = wrapper.cfbundle; includeInIndex = 0; path = GitTestsTests.xctest; sourceTree = BUILT_PRODUCTS_DIR; };
		1B66FCF2213FD75C00E64257 /* GitTestsTests.m */ = {isa = PBXFileReference; lastKnownFileType = sourcecode.c.objc; path = GitTestsTests.m; sourceTree = "<group>"; };
		1B66FCF4213FD75C00E64257 /* Info.plist */ = {isa = PBXFileReference; lastKnownFileType = text.plist.xml; path = Info.plist; sourceTree = "<group>"; };
/* End PBXFileReference section */

/* Begin PBXFrameworksBuildPhase section */
		1B66FCD3213FD75A00E64257 /* Frameworks */ = {
			isa = PBXFrameworksBuildPhase;
			buildActionMask = 2147483647;
			files = (
			);
			runOnlyForDeploymentPostprocessing = 0;
		};
		1B66FCEB213FD75C00E64257 /* Frameworks */ = {
			isa = PBXFrameworksBuildPhase;
			buildActionMask = 2147483647;
			files = (
			);
			runOnlyForDeploymentPostprocessing = 0;
		};
/* End PBXFrameworksBuildPhase section */

/* Begin PBXGroup section */
		1B66FCCD213FD75A00E64257 = {
			isa = PBXGroup;
			children = (
				1B66FCD8213FD75A00E64257 /* GitTests */,
				1B66FCF1213FD75C00E64257 /* GitTestsTests */,
				1B66FCD7213FD75A00E64257 /* Products */,
			);
			sourceTree = "<group>";
		};
		1B66FCD7213FD75A00E64257 /* Products */ = {
			isa = PBXGroup;
			children = (
				1B66FCD6213FD75A00E64257 /* GitTests.app */,
				1B66FCEE213FD75C00E64257 /* GitTestsTests.xctest */,
			);
			name = Products;
			sourceTree = "<group>";
		};
		1B66FCD8213FD75A00E64257 /* GitTests */ = {
			isa = PBXGroup;
			children = (
				1B66FCD9213FD75A00E64257 /* AppDelegate.h */,
				1B66FCDA213FD75A00E64257 /* AppDelegate.m */,
				1B66FCDC213FD75A00E64257 /* ViewController.h */,
				1B66FCDD213FD75A00E64257 /* ViewController.m */,
				1B66FCDF213FD75A00E64257 /* Main.storyboard */,
				1B66FCE2213FD75C00E64257 /* Assets.xcassets */,
				1B66FCE4213FD75C00E64257 /* LaunchScreen.storyboard */,
				1B66FCE7213FD75C00E64257 /* Info.plist */,
				1B66FCE8213FD75C00E64257 /* main.m */,
			);
			path = GitTests;
			sourceTree = "<group>";
		};
		1B66FCF1213FD75C00E64257 /* GitTestsTests */ = {
			isa = PBXGroup;
			children = (
				1B66FCF2213FD75C00E64257 /* GitTestsTests.m */,
				1B66FCF4213FD75C00E64257 /* Info.plist */,
			);
			path = GitTestsTests;
			sourceTree = "<group>";
		};
/* End PBXGroup section */

/* Begin PBXNativeTarget section */
		1B66FCD5213FD75A00E64257 /* GitTests */ = {
			isa = PBXNativeTarget;
			buildConfigurationList = 1B66FCF7213FD75C00E64257 /* Build configuration list for PBXNativeTarget "GitTests" */;
			buildPhases = (
				1B66FCD2213FD75A00E64257 /* Sources */,
				1B66FCD3213FD75A00E64257 /* Frameworks */,
				1B66FCD4213FD75A00E64257 /* Resources */,
			);
			buildRules = (
			);
			dependencies = (
			);
			name = GitTests;
			productName = GitTests;
			productReference = 1B66FCD6213FD75A00E64257 /* GitTests.app */;
			productType = "com.apple.product-type.application";
		};
		1B66FCED213FD75C00E64257 /* GitTestsTests */ = {
			isa = PBXNativeTarget;
			buildConfigurationList = 1B66FCFA213FD75C00E64257 /* Build configuration list for PBXNativeTarget "GitTestsTests" */;
			buildPhases = (
				1B66FCEA213FD75C00E64257 /* Sources */,
				1B66FCEB213FD75C00E64257 /* Frameworks */,
				1B66FCEC213FD75C00E64257 /* Resources */,
			);
			buildRules = (
			);
			dependencies = (
				1B66FCF0213FD75C00E64257 /* PBXTargetDependency */,
			);
			name = GitTestsTests;
			productName = GitTestsTests;
			productReference = 1B66FCEE213FD75C00E64257 /* GitTestsTests.xctest */;
			productType = "com.apple.product-type.bundle.unit-test";
		};
/* End PBXNativeTarget section */

/* Begin PBXProject section */
		1B66FCCE213FD75A00E64257 /* Project object */ = {
			isa = PBXProject;
			attributes = {
				LastUpgradeCheck = 0940;
				ORGANIZATIONNAME = yy;
				TargetAttributes = {
					1B66FCD5213FD75A00E64257 = {
						CreatedOnToolsVersion = 9.4.1;
					};
					1B66FCED213FD75C00E64257 = {
						CreatedOnToolsVersion = 9.4.1;
						TestTargetID = 1B66FCD5213FD75A00E64257;
					};
				};
			};
			buildConfigurationList = 1B66FCD1213FD75A00E64257 /* Build configuration list for PBXProject "GitTests" */;
			compatibilityVersion = "Xcode 9.3";
			developmentRegion = en;
			hasScannedForEncodings = 0;
			knownRegions = (
				en,
				Base,
			);
			mainGroup = 1B66FCCD213FD75A00E64257;
			productRefGroup = 1B66FCD7213FD75A00E64257 /* Products */;
			projectDirPath = "";
			projectRoot = "";
			targets = (
				1B66FCD5213FD75A00E64257 /* GitTests */,
				1B66FCED213FD75C00E64257 /* GitTestsTests */,
			);
		};
/* End PBXProject section */

/* Begin PBXResourcesBuildPhase section */
		1B66FCD4213FD75A00E64257 /* Resources */ = {
			isa = PBXResourcesBuildPhase;
			buildActionMask = 2147483647;
			files = (
				1B66FCE6213FD75C00E64257 /* LaunchScreen.storyboard in Resources */,
				1B66FCE3213FD75C00E64257 /* Assets.xcassets in Resources */,
				1B66FCE1213FD75A00E64257 /* Main.storyboard in Resources */,
			);
			runOnlyForDeploymentPostprocessing = 0;
		};
		1B66FCEC213FD75C00E64257 /* Resources */ = {
			isa = PBXResourcesBuildPhase;
			buildActionMask = 2147483647;
			files = (
			);
			runOnlyForDeploymentPostprocessing = 0;
		};
/* End PBXResourcesBuildPhase section */

/* Begin PBXSourcesBuildPhase section */
		1B66FCD2213FD75A00E64257 /* Sources */ = {
			isa = PBXSourcesBuildPhase;
			buildActionMask = 2147483647;
			files = (
				1B66FCDE213FD75A00E64257 /* ViewController.m in Sources */,
				1B66FCE9213FD75C00E64257 /* main.m in Sources */,
				1B66FCDB213FD75A00E64257 /* AppDelegate.m in Sources */,
			);
			runOnlyForDeploymentPostprocessing = 0;
		};
		1B66FCEA213FD75C00E64257 /* Sources */ = {
			isa = PBXSourcesBuildPhase;
			buildActionMask = 2147483647;
			files = (
				1B66FCF3213FD75C00E64257 /* GitTestsTests.m in Sources */,
			);
			runOnlyForDeploymentPostprocessing = 0;
		};
/* End PBXSourcesBuildPhase section */

/* Begin PBXTargetDependency section */
		1B66FCF0213FD75C00E64257 /* PBXTargetDependency */ = {
			isa = PBXTargetDependency;
			target = 1B66FCD5213FD75A00E64257 /* GitTests */;
			targetProxy = 1B66FCEF213FD75C00E64257 /* PBXContainerItemProxy */;
		};
/* End PBXTargetDependency section */

/* Begin PBXVariantGroup section */
		1B66FCDF213FD75A00E64257 /* Main.storyboard */ = {
			isa = PBXVariantGroup;
			children = (
				1B66FCE0213FD75A00E64257 /* Base */,
			);
			name = Main.storyboard;
			sourceTree = "<group>";
		};
		1B66FCE4213FD75C00E64257 /* LaunchScreen.storyboard */ = {
			isa = PBXVariantGroup;
			children = (
				1B66FCE5213FD75C00E64257 /* Base */,
			);
			name = LaunchScreen.storyboard;
			sourceTree = "<group>";
		};
/* End PBXVariantGroup section */

/* Begin XCBuildConfiguration section */
		1B66FCF5213FD75C00E64257 /* Debug */ = {
			isa = XCBuildConfiguration;
			buildSettings = {
				ALWAYS_SEARCH_USER_PATHS = NO;
				CLANG_ANALYZER_NONNULL = YES;
				CLANG_ANALYZER_NUMBER_OBJECT_CONVERSION = YES_AGGRESSIVE;
				CLANG_CXX_LANGUAGE_STANDARD = "gnu++14";
				CLANG_CXX_LIBRARY = "libc++";
				CLANG_ENABLE_MODULES = YES;
				CLANG_ENABLE_OBJC_ARC = YES;
				CLANG_ENABLE_OBJC_WEAK = YES;
				CLANG_WARN_BLOCK_CAPTURE_AUTORELEASING = YES;
				CLANG_WARN_BOOL_CONVERSION = YES;
				CLANG_WARN_COMMA = YES;
				CLANG_WARN_CONSTANT_CONVERSION = YES;
				CLANG_WARN_DEPRECATED_OBJC_IMPLEMENTATIONS = YES;
				CLANG_WARN_DIRECT_OBJC_ISA_USAGE = YES_ERROR;
				CLANG_WARN_DOCUMENTATION_COMMENTS = YES;
				CLANG_WARN_EMPTY_BODY = YES;
				CLANG_WARN_ENUM_CONVERSION = YES;
				CLANG_WARN_INFINITE_RECURSION = YES;
				CLANG_WARN_INT_CONVERSION = YES;
				CLANG_WARN_NON_LITERAL_NULL_CONVERSION = YES;
				CLANG_WARN_OBJC_IMPLICIT_RETAIN_SELF = YES;
				CLANG_WARN_OBJC_LITERAL_CONVERSION = YES;
				CLANG_WARN_OBJC_ROOT_CLASS = YES_ERROR;
				CLANG_WARN_RANGE_LOOP_ANALYSIS = YES;
				CLANG_WARN_STRICT_PROTOTYPES = YES;
				CLANG_WARN_SUSPICIOUS_MOVE = YES;
				CLANG_WARN_UNGUARDED_AVAILABILITY = YES_AGGRESSIVE;
				CLANG_WARN_UNREACHABLE_CODE = YES;
				CLANG_WARN__DUPLICATE_METHOD_MATCH = YES;
				CODE_SIGN_IDENTITY = "iPhone Developer";
				COPY_PHASE_STRIP = NO;
				DEBUG_INFORMATION_FORMAT = dwarf;
				ENABLE_STRICT_OBJC_MSGSEND = YES;
				ENABLE_TESTABILITY = YES;
				GCC_C_LANGUAGE_STANDARD = gnu11;
				GCC_DYNAMIC_NO_PIC = NO;
				GCC_NO_COMMON_BLOCKS = YES;
				GCC_OPTIMIZATION_LEVEL = 0;
				GCC_PREPROCESSOR_DEFINITIONS = (
					"DEBUG=1",
					"$(inherited)",
				);
				GCC_WARN_64_TO_32_BIT_CONVERSION = YES;
				GCC_WARN_ABOUT_RETURN_TYPE = YES_ERROR;
				GCC_WARN_UNDECLARED_SELECTOR = YES;
				GCC_WARN_UNINITIALIZED_AUTOS = YES_AGGRESSIVE;
				GCC_WARN_UNUSED_FUNCTION = YES;
				GCC_WARN_UNUSED_VARIABLE = YES;
				IPHONEOS_DEPLOYMENT_TARGET = 11.4;
				MTL_ENABLE_DEBUG_INFO = YES;
				ONLY_ACTIVE_ARCH = YES;
				SDKROOT = iphoneos;
			};
			name = Debug;
		};
		1B66FCF6213FD75C00E64257 /* Release */ = {
			isa = XCBuildConfiguration;
			buildSettings = {
				ALWAYS_SEARCH_USER_PATHS = NO;
				CLANG_ANALYZER_NONNULL = YES;
				CLANG_ANALYZER_NUMBER_OBJECT_CONVERSION = YES_AGGRESSIVE;
				CLANG_CXX_LANGUAGE_STANDARD = "gnu++14";
				CLANG_CXX_LIBRARY = "libc++";
				CLANG_ENABLE_MODULES = YES;
				CLANG_ENABLE_OBJC_ARC = YES;
				CLANG_ENABLE_OBJC_WEAK = YES;
				CLANG_WARN_BLOCK_CAPTURE_AUTORELEASING = YES;
				CLANG_WARN_BOOL_CONVERSION = YES;
				CLANG_WARN_COMMA = YES;
				CLANG_WARN_CONSTANT_CONVERSION = YES;
				CLANG_WARN_DEPRECATED_OBJC_IMPLEMENTATIONS = YES;
				CLANG_WARN_DIRECT_OBJC_ISA_USAGE = YES_ERROR;
				CLANG_WARN_DOCUMENTATION_COMMENTS = YES;
				CLANG_WARN_EMPTY_BODY = YES;
				CLANG_WARN_ENUM_CONVERSION = YES;
				CLANG_WARN_INFINITE_RECURSION = YES;
				CLANG_WARN_INT_CONVERSION = YES;
				CLANG_WARN_NON_LITERAL_NULL_CONVERSION = YES;
				CLANG_WARN_OBJC_IMPLICIT_RETAIN_SELF = YES;
				CLANG_WARN_OBJC_LITERAL_CONVERSION = YES;
				CLANG_WARN_OBJC_ROOT_CLASS = YES_ERROR;
				CLANG_WARN_RANGE_LOOP_ANALYSIS = YES;
				CLANG_WARN_STRICT_PROTOTYPES = YES;
				CLANG_WARN_SUSPICIOUS_MOVE = YES;
				CLANG_WARN_UNGUARDED_AVAILABILITY = YES_AGGRESSIVE;
				CLANG_WARN_UNREACHABLE_CODE = YES;
				CLANG_WARN__DUPLICATE_METHOD_MATCH = YES;
				CODE_SIGN_IDENTITY = "iPhone Developer";
				COPY_PHASE_STRIP = NO;
				DEBUG_INFORMATION_FORMAT = "dwarf-with-dsym";
				ENABLE_NS_ASSERTIONS = NO;
				ENABLE_STRICT_OBJC_MSGSEND = YES;
				GCC_C_LANGUAGE_STANDARD = gnu11;
				GCC_NO_COMMON_BLOCKS = YES;
				GCC_WARN_64_TO_32_BIT_CONVERSION = YES;
				GCC_WARN_ABOUT_RETURN_TYPE = YES_ERROR;
				GCC_WARN_UNDECLARED_SELECTOR = YES;
				GCC_WARN_UNINITIALIZED_AUTOS = YES_AGGRESSIVE;
				GCC_WARN_UNUSED_FUNCTION = YES;
				GCC_WARN_UNUSED_VARIABLE = YES;
				IPHONEOS_DEPLOYMENT_TARGET = 11.4;
				MTL_ENABLE_DEBUG_INFO = NO;
				SDKROOT = iphoneos;
				VALIDATE_PRODUCT = YES;
			};
			name = Release;
		};
		1B66FCF8213FD75C00E64257 /* Debug */ = {
			isa = XCBuildConfiguration;
			buildSettings = {
				ASSETCATALOG_COMPILER_APPICON_NAME = AppIcon;
				CODE_SIGN_STYLE = Automatic;
				INFOPLIST_FILE = GitTests/Info.plist;
				LD_RUNPATH_SEARCH_PATHS = (
					"$(inherited)",
					"@executable_path/Frameworks",
				);
				PRODUCT_BUNDLE_IDENTIFIER = com.fh.GitTests;
				PRODUCT_NAME = "$(TARGET_NAME)";
				TARGETED_DEVICE_FAMILY = "1,2";
			};
			name = Debug;
		};
		1B66FCF9213FD75C00E64257 /* Release */ = {
			isa = XCBuildConfiguration;
			buildSettings = {
				ASSETCATALOG_COMPILER_APPICON_NAME = AppIcon;
				CODE_SIGN_STYLE = Automatic;
				INFOPLIST_FILE = GitTests/Info.plist;
				LD_RUNPATH_SEARCH_PATHS = (
					"$(inherited)",
					"@executable_path/Frameworks",
				);
				PRODUCT_BUNDLE_IDENTIFIER = com.fh.GitTests;
				PRODUCT_NAME = "$(TARGET_NAME)";
				TARGETED_DEVICE_FAMILY = "1,2";
			};
			name = Release;
		};
		1B66FCFB213FD75C00E64257 /* Debug */ = {
			isa = XCBuildConfiguration;
			buildSettings = {
				BUNDLE_LOADER = "$(TEST_HOST)";
				CODE_SIGN_STYLE = Automatic;
				INFOPLIST_FILE = GitTestsTests/Info.plist;
				LD_RUNPATH_SEARCH_PATHS = (
					"$(inherited)",
					"@executable_path/Frameworks",
					"@loader_path/Frameworks",
				);
				PRODUCT_BUNDLE_IDENTIFIER = com.fh.GitTestsTests;
				PRODUCT_NAME = "$(TARGET_NAME)";
				TARGETED_DEVICE_FAMILY = "1,2";
				TEST_HOST = "$(BUILT_PRODUCTS_DIR)/GitTests.app/GitTests";
			};
			name = Debug;
		};
		1B66FCFC213FD75C00E64257 /* Release */ = {
			isa = XCBuildConfiguration;
			buildSettings = {
				BUNDLE_LOADER = "$(TEST_HOST)";
				CODE_SIGN_STYLE = Automatic;
				INFOPLIST_FILE = GitTestsTests/Info.plist;
				LD_RUNPATH_SEARCH_PATHS = (
					"$(inherited)",
					"@executable_path/Frameworks",
					"@loader_path/Frameworks",
				);
				PRODUCT_BUNDLE_IDENTIFIER = com.fh.GitTestsTests;
				PRODUCT_NAME = "$(TARGET_NAME)";
				TARGETED_DEVICE_FAMILY = "1,2";
				TEST_HOST = "$(BUILT_PRODUCTS_DIR)/GitTests.app/GitTests";
			};
			name = Release;
		};
/* End XCBuildConfiguration section */

/* Begin XCConfigurationList section */
		1B66FCD1213FD75A00E64257 /* Build configuration list for PBXProject "GitTests" */ = {
			isa = XCConfigurationList;
			buildConfigurations = (
				1B66FCF5213FD75C00E64257 /* Debug */,
				1B66FCF6213FD75C00E64257 /* Release */,
			);
			defaultConfigurationIsVisible = 0;
			defaultConfigurationName = Release;
		};
		1B66FCF7213FD75C00E64257 /* Build configuration list for PBXNativeTarget "GitTests" */ = {
			isa = XCConfigurationList;
			buildConfigurations = (
				1B66FCF8213FD75C00E64257 /* Debug */,
				1B66FCF9213FD75C00E64257 /* Release */,
			);
			defaultConfigurationIsVisible = 0;
			defaultConfigurationName = Release;
		};
		1B66FCFA213FD75C00E64257 /* Build configuration list for PBXNativeTarget "GitTestsTests" */ = {
			isa = XCConfigurationList;
			buildConfigurations = (
				1B66FCFB213FD75C00E64257 /* Debug */,
				1B66FCFC213FD75C00E64257 /* Release */,
			);
			defaultConfigurationIsVisible = 0;
			defaultConfigurationName = Release;
		};
/* End XCConfigurationList section */
	};
	rootObject = 1B66FCCE213FD75A00E64257 /* Project object */;
}
